  "@types/sinon-chai" "^3.2.3"
    "@types/web3" "1.0.19"

"@openzeppelin/contracts@^4.2.0":
  version "4.2.0"
  resolved "https://registry.yarnpkg.com/@openzeppelin/contracts/-/contracts-4.2.0.tgz#260d921d99356e48013d9d760caaa6cea35dc642"
  integrity sha512-LD4NnkKpHHSMo5z9MvFsG4g1xxZUDqV3A3Futu3nvyfs4wPwXxqOgMaxOoa2PeyGL2VNeSlbxT54enbQzGcgJQ==

"@resolver-engine/core@^0.3.3":
  version "0.3.3"
  resolved "https://registry.yarnpkg.com/@resolver-engine/core/-/core-0.3.3.tgz#590f77d85d45bc7ecc4e06c654f41345db6ca967"
